
Microsoft Visual Studio Solution File, Format Version 12.00
# Visual Studio Version 17
VisualStudioVersion = 17.13.35825.156 d17.13
MinimumVisualStudioVersion = 10.0.40219.1
Project("{FAE04EC0-301F-11D3-BF4B-00C04F79EFBC}") = "Basic_Threading_Lab_Execercise_03_Navarro", "Basic_Threading_Lab_Execercise_03_Navarro\Basic_Threading_Lab_Execercise_03_Navarro.csproj", "{5FCE8E6F-539E-4D92-B898-06C643DD9578}"
EndProject
Global
	GlobalSection(SolutionConfigurationPlatforms) = preSolution
		Debug|Any CPU = Debug|Any CPU
		Release|Any CPU = Release|Any CPU
	EndGlobalSection
	GlobalSection(ProjectConfigurationPlatforms) = postSolution
		{5FCE8E6F-539E-4D92-B898-06C643DD9578}.Debug|Any CPU.ActiveCfg = Debug|Any CPU
		{5FCE8E6F-539E-4D92-B898-06C643DD9578}.Debug|Any CPU.Build.0 = Debug|Any CPU
		{5FCE8E6F-539E-4D92-B898-06C643DD9578}.Release|Any CPU.ActiveCfg = Release|Any CPU
		{5FCE8E6F-539E-4D92-B898-06C643DD9578}.Release|Any CPU.Build.0 = Release|Any CPU
	EndGlobalSection
	GlobalSection(SolutionProperties) = preSolution
		HideSolutionNode = FALSE
	EndGlobalSection
	GlobalSection(ExtensibilityGlobals) = postSolution
		SolutionGuid = {CC7D75AD-1E1A-4D2F-AF00-3B8D78495281}
	EndGlobalSection
EndGlobal
